// !$*UTF8*$!
{
	archiveVersion = 1;
	classes = {
	};
	objectVersion = 46;
	objects = {

/* Begin PBXBuildFile section */
		C1144B121C887EBF00A75271 /* main.m in Sources */ = {isa = PBXBuildFile; fileRef = C1144B111C887EBF00A75271 /* main.m */; };
		C1144B151C887EBF00A75271 /* AppDelegate.m in Sources */ = {isa = PBXBuildFile; fileRef = C1144B141C887EBF00A75271 /* AppDelegate.m */; };
		C1144B181C887EBF00A75271 /* ViewController.m in Sources */ = {isa = PBXBuildFile; fileRef = C1144B171C887EBF00A75271 /* ViewController.m */; };
		C1144B1D1C887EBF00A75271 /* Assets.xcassets in Resources */ = {isa = PBXBuildFile; fileRef = C1144B1C1C887EBF00A75271 /* Assets.xcassets */; };
		C1144B2E1C8883FE00A75271 /* ingenicologo.png in Resources */ = {isa = PBXBuildFile; fileRef = C1144B2D1C8883FE00A75271 /* ingenicologo.png */; };
		C1144B381C88847100A75271 /* IPAddress.m in Sources */ = {isa = PBXBuildFile; fileRef = C1144B301C88847100A75271 /* IPAddress.m */; };
		C1144B391C88847100A75271 /* MessageHandler.m in Sources */ = {isa = PBXBuildFile; fileRef = C1144B321C88847100A75271 /* MessageHandler.m */; };
		C1144B3B1C88847100A75271 /* UtiityRoutines.m in Sources */ = {isa = PBXBuildFile; fileRef = C1144B361C88847100A75271 /* UtiityRoutines.m */; };
		C1144B3D1C8884DC00A75271 /* libicucore.tbd in Frameworks */ = {isa = PBXBuildFile; fileRef = C1144B3C1C8884DC00A75271 /* libicucore.tbd */; };
		C1144B471C88867900A75271 /* mobilesdkfw.framework in Frameworks */ = {isa = PBXBuildFile; fileRef = C1144B441C88858500A75271 /* mobilesdkfw.framework */; };
		C1144B481C88867900A75271 /* mobilesdkfw.framework in Embed Frameworks */ = {isa = PBXBuildFile; fileRef = C1144B441C88858500A75271 /* mobilesdkfw.framework */; settings = {ATTRIBUTES = (CodeSignOnCopy, RemoveHeadersOnCopy, ); }; };
		C133CC2C1C99A3A000C74716 /* Test.swift in Sources */ = {isa = PBXBuildFile; fileRef = C133CC2B1C99A3A000C74716 /* Test.swift */; };
/* End PBXBuildFile section */

/* Begin PBXContainerItemProxy section */
		C1144B431C88858500A75271 /* PBXContainerItemProxy */ = {
			isa = PBXContainerItemProxy;
			containerPortal = C1144B3F1C88858500A75271 /* mobilesdkfw.xcodeproj */;
			proxyType = 2;
			remoteGlobalIDString = C1F21F541C63B6D6005CB9D3;
			remoteInfo = mobilesdkfw;
		};
		C1144B491C88867900A75271 /* PBXContainerItemProxy */ = {
			isa = PBXContainerItemProxy;
			containerPortal = C1144B3F1C88858500A75271 /* mobilesdkfw.xcodeproj */;
			proxyType = 1;
			remoteGlobalIDString = C1F21F531C63B6D6005CB9D3;
			remoteInfo = mobilesdkfw;
		};
/* End PBXContainerItemProxy section */

/* Begin PBXCopyFilesBuildPhase section */
		C1144B4B1C88867A00A75271 /* Embed Frameworks */ = {
			isa = PBXCopyFilesBuildPhase;
			buildActionMask = 2147483647;
			dstPath = "";
			dstSubfolderSpec = 10;
			files = (
				C1144B481C88867900A75271 /* mobilesdkfw.framework in Embed Frameworks */,
			);
			name = "Embed Frameworks";
			runOnlyForDeploymentPostprocessing = 0;
		};
/* End PBXCopyFilesBuildPhase section */

/* Begin PBXFileReference section */
		C1144B0D1C887EBF00A75271 /* Ingenico.app */ = {isa = PBXFileReference; explicitFileType = wrapper.application; includeInIndex = 0; path = Ingenico.app; sourceTree = BUILT_PRODUCTS_DIR; };
		C1144B111C887EBF00A75271 /* main.m */ = {isa = PBXFileReference; lastKnownFileType = sourcecode.c.objc; path = main.m; sourceTree = "<group>"; };
		C1144B131C887EBF00A75271 /* AppDelegate.h */ = {isa = PBXFileReference; lastKnownFileType = sourcecode.c.h; path = AppDelegate.h; sourceTree = "<group>"; };
		C1144B141C887EBF00A75271 /* AppDelegate.m */ = {isa = PBXFileReference; lastKnownFileType = sourcecode.c.objc; path = AppDelegate.m; sourceTree = "<group>"; };
		C1144B161C887EBF00A75271 /* ViewController.h */ = {isa = PBXFileReference; lastKnownFileType = sourcecode.c.h; path = ViewController.h; sourceTree = "<group>"; };
		C1144B171C887EBF00A75271 /* ViewController.m */ = {isa = PBXFileReference; lastKnownFileType = sourcecode.c.objc; path = ViewController.m; sourceTree = "<group>"; };
		C1144B1C1C887EBF00A75271 /* Assets.xcassets */ = {isa = PBXFileReference; lastKnownFileType = folder.assetcatalog; path = Assets.xcassets; sourceTree = "<group>"; };
		C1144B211C887EBF00A75271 /* Info.plist */ = {isa = PBXFileReference; lastKnownFileType = text.plist.xml; path = Info.plist; sourceTree = "<group>"; };
		C1144B2D1C8883FE00A75271 /* ingenicologo.png */ = {isa = PBXFileReference; lastKnownFileType = image.png; path = ingenicologo.png; sourceTree = SOURCE_ROOT; };
		C1144B2F1C88847100A75271 /* IPAddress.h */ = {isa = PBXFileReference; fileEncoding = 4; lastKnownFileType = sourcecode.c.h; path = IPAddress.h; sourceTree = "<group>"; };
		C1144B301C88847100A75271 /* IPAddress.m */ = {isa = PBXFileReference; fileEncoding = 4; lastKnownFileType = sourcecode.c.objc; path = IPAddress.m; sourceTree = "<group>"; };
		C1144B311C88847100A75271 /* MessageHandler.h */ = {isa = PBXFileReference; fileEncoding = 4; lastKnownFileType = sourcecode.c.h; path = MessageHandler.h; sourceTree = "<group>"; };
		C1144B321C88847100A75271 /* MessageHandler.m */ = {isa = PBXFileReference; fileEncoding = 4; lastKnownFileType = sourcecode.c.objc; path = MessageHandler.m; sourceTree = "<group>"; };
		C1144B331C88847100A75271 /* NSObject_UtilityRoutines.h */ = {isa = PBXFileReference; fileEncoding = 4; lastKnownFileType = sourcecode.c.h; path = NSObject_UtilityRoutines.h; sourceTree = "<group>"; };
		C1144B361C88847100A75271 /* UtiityRoutines.m */ = {isa = PBXFileReference; fileEncoding = 4; lastKnownFileType = sourcecode.c.objc; path = UtiityRoutines.m; sourceTree = "<group>"; };
		C1144B371C88847100A75271 /* UtilityRoutines.h */ = {isa = PBXFileReference; fileEncoding = 4; lastKnownFileType = sourcecode.c.h; path = UtilityRoutines.h; sourceTree = "<group>"; };
		C1144B3C1C8884DC00A75271 /* libicucore.tbd */ = {isa = PBXFileReference; lastKnownFileType = "sourcecode.text-based-dylib-definition"; name = libicucore.tbd; path = usr/lib/libicucore.tbd; sourceTree = SDKROOT; };
		C1144B3F1C88858500A75271 /* mobilesdkfw.xcodeproj */ = {isa = PBXFileReference; lastKnownFileType = "wrapper.pb-project"; name = mobilesdkfw.xcodeproj; path = ../mobilesdkfw/mobilesdkfw.xcodeproj; sourceTree = "<group>"; };
		C133CC2A1C99A3A000C74716 /* Ingenico-Bridging-Header.h */ = {isa = PBXFileReference; lastKnownFileType = sourcecode.c.h; path = "Ingenico-Bridging-Header.h"; sourceTree = "<group>"; };
		C133CC2B1C99A3A000C74716 /* Test.swift */ = {isa = PBXFileReference; fileEncoding = 4; lastKnownFileType = sourcecode.swift; path = Test.swift; sourceTree = "<group>"; };
/* End PBXFileReference section */

/* Begin PBXFrameworksBuildPhase section */
		C1144B0A1C887EBF00A75271 /* Frameworks */ = {
			isa = PBXFrameworksBuildPhase;
			buildActionMask = 2147483647;
			files = (
				C1144B471C88867900A75271 /* mobilesdkfw.framework in Frameworks */,
				C1144B3D1C8884DC00A75271 /* libicucore.tbd in Frameworks */,
			);
			runOnlyForDeploymentPostprocessing = 0;
		};
/* End PBXFrameworksBuildPhase section */

/* Begin PBXGroup section */
		C1144B041C887EBF00A75271 = {
			isa = PBXGroup;
			children = (
				C1144B3E1C88855F00A75271 /* frameworks */,
				C1144B0F1C887EBF00A75271 /* Ingenico */,
				C1144B0E1C887EBF00A75271 /* Products */,
			);
			sourceTree = "<group>";
		};
		C1144B0E1C887EBF00A75271 /* Products */ = {
			isa = PBXGroup;
			children = (
				C1144B0D1C887EBF00A75271 /* Ingenico.app */,
			);
			name = Products;
			sourceTree = "<group>";
		};
		C1144B0F1C887EBF00A75271 /* Ingenico */ = {
			isa = PBXGroup;
			children = (
				C1144B2F1C88847100A75271 /* IPAddress.h */,
				C1144B301C88847100A75271 /* IPAddress.m */,
				C1144B311C88847100A75271 /* MessageHandler.h */,
				C1144B321C88847100A75271 /* MessageHandler.m */,
				C1144B331C88847100A75271 /* NSObject_UtilityRoutines.h */,
				C1144B361C88847100A75271 /* UtiityRoutines.m */,
				C1144B371C88847100A75271 /* UtilityRoutines.h */,
				C1144B131C887EBF00A75271 /* AppDelegate.h */,
				C1144B141C887EBF00A75271 /* AppDelegate.m */,
				C1144B161C887EBF00A75271 /* ViewController.h */,
				C1144B171C887EBF00A75271 /* ViewController.m */,
				C1144B101C887EBF00A75271 /* Supporting Files */,
				C133CC2B1C99A3A000C74716 /* Test.swift */,
				C133CC2A1C99A3A000C74716 /* Ingenico-Bridging-Header.h */,
			);
			path = Ingenico;
			sourceTree = "<group>";
		};
		C1144B101C887EBF00A75271 /* Supporting Files */ = {
			isa = PBXGroup;
			children = (
				C1144B1C1C887EBF00A75271 /* Assets.xcassets */,
				C1144B211C887EBF00A75271 /* Info.plist */,
				C1144B2D1C8883FE00A75271 /* ingenicologo.png */,
				C1144B111C887EBF00A75271 /* main.m */,
			);
			name = "Supporting Files";
			sourceTree = "<group>";
		};
		C1144B3E1C88855F00A75271 /* frameworks */ = {
			isa = PBXGroup;
			children = (
				C1144B3F1C88858500A75271 /* mobilesdkfw.xcodeproj */,
				C1144B3C1C8884DC00A75271 /* libicucore.tbd */,
			);
			name = frameworks;
			sourceTree = "<group>";
		};
		C1144B401C88858500A75271 /* Products */ = {
			isa = PBXGroup;
			children = (
				C1144B441C88858500A75271 /* mobilesdkfw.framework */,
			);
			name = Products;
			sourceTree = "<group>";
		};
/* End PBXGroup section */

/* Begin PBXNativeTarget section */
		C1144B0C1C887EBF00A75271 /* Ingenico */ = {
			isa = PBXNativeTarget;
			buildConfigurationList = C1144B241C887EBF00A75271 /* Build configuration list for PBXNativeTarget "Ingenico" */;
			buildPhases = (
				C1144B091C887EBF00A75271 /* Sources */,
				C1144B0A1C887EBF00A75271 /* Frameworks */,
				C1144B0B1C887EBF00A75271 /* Resources */,
				C1144B4B1C88867A00A75271 /* Embed Frameworks */,
			);
			buildRules = (
			);
			dependencies = (
				C1144B4A1C88867900A75271 /* PBXTargetDependency */,
			);
			name = Ingenico;
			productName = Ingenico;
			productReference = C1144B0D1C887EBF00A75271 /* Ingenico.app */;
			productType = "com.apple.product-type.application";
		};
/* End PBXNativeTarget section */

/* Begin PBXProject section */
		C1144B051C887EBF00A75271 /* Project object */ = {
			isa = PBXProject;
			attributes = {
				LastUpgradeCheck = 0720;
				ORGANIZATIONNAME = Goemerchant;
				TargetAttributes = {
					C1144B0C1C887EBF00A75271 = {
						CreatedOnToolsVersion = 7.2;
					};
				};
			};
			buildConfigurationList = C1144B081C887EBF00A75271 /* Build configuration list for PBXProject "Ingenico" */;
			compatibilityVersion = "Xcode 3.2";
			developmentRegion = English;
			hasScannedForEncodings = 0;
			knownRegions = (
				en,
				Base,
			);
			mainGroup = C1144B041C887EBF00A75271;
			productRefGroup = C1144B0E1C887EBF00A75271 /* Products */;
			projectDirPath = "";
			projectReferences = (
				{
					ProductGroup = C1144B401C88858500A75271 /* Products */;
					ProjectRef = C1144B3F1C88858500A75271 /* mobilesdkfw.xcodeproj */;
				},
			);
			projectRoot = "";
			targets = (
				C1144B0C1C887EBF00A75271 /* Ingenico */,
			);
		};
/* End PBXProject section */

/* Begin PBXReferenceProxy section */
		C1144B441C88858500A75271 /* mobilesdkfw.framework */ = {
			isa = PBXReferenceProxy;
			fileType = wrapper.framework;
			path = mobilesdkfw.framework;
			remoteRef = C1144B431C88858500A75271 /* PBXContainerItemProxy */;
			sourceTree = BUILT_PRODUCTS_DIR;
		};
/* End PBXReferenceProxy section */

/* Begin PBXResourcesBuildPhase section */
		C1144B0B1C887EBF00A75271 /* Resources */ = {
			isa = PBXResourcesBuildPhase;
			buildActionMask = 2147483647;
			files = (
				C1144B2E1C8883FE00A75271 /* ingenicologo.png in Resources */,
				C1144B1D1C887EBF00A75271 /* Assets.xcassets in Resources */,
			);
			runOnlyForDeploymentPostprocessing = 0;
		};
/* End PBXResourcesBuildPhase section */

/* Begin PBXSourcesBuildPhase section */
		C1144B091C887EBF00A75271 /* Sources */ = {
			isa = PBXSourcesBuildPhase;
			buildActionMask = 2147483647;
			files = (
				C1144B181C887EBF00A75271 /* ViewController.m in Sources */,
				C1144B381C88847100A75271 /* IPAddress.m in Sources */,
				C1144B151C887EBF00A75271 /* AppDelegate.m in Sources */,
				C1144B3B1C88847100A75271 /* UtiityRoutines.m in Sources */,
				C133CC2C1C99A3A000C74716 /* Test.swift in Sources */,
				C1144B121C887EBF00A75271 /* main.m in Sources */,
				C1144B391C88847100A75271 /* MessageHandler.m in Sources */,
			);
			runOnlyForDeploymentPostprocessing = 0;
		};
/* End PBXSourcesBuildPhase section */

/* Begin PBXTargetDependency section */
		C1144B4A1C88867900A75271 /* PBXTargetDependency */ = {
			isa = PBXTargetDependency;
			name = mobilesdkfw;
			targetProxy = C1144B491C88867900A75271 /* PBXContainerItemProxy */;
		};
/* End PBXTargetDependency section */

/* Begin XCBuildConfiguration section */
		C1144B221C887EBF00A75271 /* Debug */ = {
			isa = XCBuildConfiguration;
			buildSettings = {
				ALWAYS_SEARCH_USER_PATHS = NO;
				CLANG_ALLOW_NON_MODULAR_INCLUDES_IN_FRAMEWORK_MODULES = YES;
				CLANG_CXX_LANGUAGE_STANDARD = "gnu++0x";
				CLANG_CXX_LIBRARY = "libc++";
				CLANG_ENABLE_MODULES = YES;
				CLANG_ENABLE_OBJC_ARC = YES;
				CLANG_WARN_BOOL_CONVERSION = YES;
				CLANG_WARN_CONSTANT_CONVERSION = YES;
				CLANG_WARN_DIRECT_OBJC_ISA_USAGE = YES_ERROR;
				CLANG_WARN_EMPTY_BODY = YES;
				CLANG_WARN_ENUM_CONVERSION = YES;
				CLANG_WARN_INT_CONVERSION = YES;
				CLANG_WARN_OBJC_ROOT_CLASS = YES_ERROR;
				CLANG_WARN_UNREACHABLE_CODE = YES;
				CLANG_WARN__DUPLICATE_METHOD_MATCH = YES;
				"CODE_SIGN_IDENTITY[sdk=iphoneos*]" = "iPhone Developer";
				COPY_PHASE_STRIP = NO;
				DEBUG_INFORMATION_FORMAT = dwarf;
				DEFINES_MODULE = YES;
				EMBEDDED_CONTENT_CONTAINS_SWIFT = YES;
				ENABLE_STRICT_OBJC_MSGSEND = YES;
				ENABLE_TESTABILITY = YES;
				GCC_C_LANGUAGE_STANDARD = gnu99;
				GCC_DYNAMIC_NO_PIC = NO;
				GCC_NO_COMMON_BLOCKS = YES;
				GCC_OPTIMIZATION_LEVEL = 0;
				GCC_PREPROCESSOR_DEFINITIONS = (
					"DEBUG=1",
					"$(inherited)",
				);
				GCC_WARN_64_TO_32_BIT_CONVERSION = YES;
				GCC_WARN_ABOUT_RETURN_TYPE = YES_ERROR;
				GCC_WARN_UNDECLARED_SELECTOR = YES;
				GCC_WARN_UNINITIALIZED_AUTOS = YES_AGGRESSIVE;
				GCC_WARN_UNUSED_FUNCTION = YES;
				GCC_WARN_UNUSED_VARIABLE = YES;
				GENERATE_MASTER_OBJECT_FILE = YES;
				IPHONEOS_DEPLOYMENT_TARGET = 9.2;
				MTL_ENABLE_DEBUG_INFO = YES;
				ONLY_ACTIVE_ARCH = YES;
				SDKROOT = iphoneos;
				TARGETED_DEVICE_FAMILY = 2;
			};
			name = Debug;
		};
		C1144B231C887EBF00A75271 /* Release */ = {
			isa = XCBuildConfiguration;
			buildSettings = {
				ALWAYS_SEARCH_USER_PATHS = NO;
				CLANG_ALLOW_NON_MODULAR_INCLUDES_IN_FRAMEWORK_MODULES = YES;
				CLANG_CXX_LANGUAGE_STANDARD = "gnu++0x";
				CLANG_CXX_LIBRARY = "libc++";
				CLANG_ENABLE_MODULES = YES;
				CLANG_ENABLE_OBJC_ARC = YES;
				CLANG_WARN_BOOL_CONVERSION = YES;
				CLANG_WARN_CONSTANT_CONVERSION = YES;
				CLANG_WARN_DIRECT_OBJC_ISA_USAGE = YES_ERROR;
				CLANG_WARN_EMPTY_BODY = YES;
				CLANG_WARN_ENUM_CONVERSION = YES;
				CLANG_WARN_INT_CONVERSION = YES;
				CLANG_WARN_OBJC_ROOT_CLASS = YES_ERROR;
				CLANG_WARN_UNREACHABLE_CODE = YES;
				CLANG_WARN__DUPLICATE_METHOD_MATCH = YES;
				"CODE_SIGN_IDENTITY[sdk=iphoneos*]" = "iPhone Developer";
				COPY_PHASE_STRIP = NO;
				DEBUG_INFORMATION_FORMAT = "dwarf-with-dsym";
				DEFINES_MODULE = YES;
				EMBEDDED_CONTENT_CONTAINS_SWIFT = YES;
				ENABLE_NS_ASSERTIONS = NO;
				ENABLE_STRICT_OBJC_MSGSEND = YES;
				GCC_C_LANGUAGE_STANDARD = gnu99;
				GCC_NO_COMMON_BLOCKS = YES;
				GCC_WARN_64_TO_32_BIT_CONVERSION = YES;
				GCC_WARN_ABOUT_RETURN_TYPE = YES_ERROR;
				GCC_WARN_UNDECLARED_SELECTOR = YES;
				GCC_WARN_UNINITIALIZED_AUTOS = YES_AGGRESSIVE;
				GCC_WARN_UNUSED_FUNCTION = YES;
				GCC_WARN_UNUSED_VARIABLE = YES;
				GENERATE_MASTER_OBJECT_FILE = YES;
				IPHONEOS_DEPLOYMENT_TARGET = 9.2;
				MTL_ENABLE_DEBUG_INFO = NO;
				SDKROOT = iphoneos;
				TARGETED_DEVICE_FAMILY = 2;
				VALIDATE_PRODUCT = YES;
			};
			name = Release;
		};
		C1144B251C887EBF00A75271 /* Debug */ = {
			isa = XCBuildConfiguration;
			buildSettings = {
				ASSETCATALOG_COMPILER_APPICON_NAME = AppIcon;
				CLANG_ENABLE_MODULES = YES;
				DEFINES_MODULE = YES;
				EMBEDDED_CONTENT_CONTAINS_SWIFT = YES;
				INFOPLIST_FILE = Ingenico/Info.plist;
				IPHONEOS_DEPLOYMENT_TARGET = 9.2;
				LD_RUNPATH_SEARCH_PATHS = "$(inherited) @executable_path/Frameworks";
				PRODUCT_BUNDLE_IDENTIFIER = com.goemerchant.Ingenico;
				PRODUCT_NAME = "$(TARGET_NAME)";
				SWIFT_INCLUDE_PATHS = "";
				SWIFT_OBJC_BRIDGING_HEADER = "Ingenico/Ingenico-Bridging-Header.h";
				SWIFT_OPTIMIZATION_LEVEL = "-Onone";
			};
			name = Debug;
		};
		C1144B261C887EBF00A75271 /* Release */ = {
			isa = XCBuildConfiguration;
			buildSettings = {
				ASSETCATALOG_COMPILER_APPICON_NAME = AppIcon;
				CLANG_ENABLE_MODULES = YES;
				DEFINES_MODULE = YES;
				EMBEDDED_CONTENT_CONTAINS_SWIFT = YES;
				INFOPLIST_FILE = Ingenico/Info.plist;
				IPHONEOS_DEPLOYMENT_TARGET = 9.2;
				LD_RUNPATH_SEARCH_PATHS = "$(inherited) @executable_path/Frameworks";
				PRODUCT_BUNDLE_IDENTIFIER = com.goemerchant.Ingenico;
				PRODUCT_NAME = "$(TARGET_NAME)";
				SWIFT_INCLUDE_PATHS = "";
				SWIFT_OBJC_BRIDGING_HEADER = "Ingenico/Ingenico-Bridging-Header.h";
			};
			name = Release;
		};
/* End XCBuildConfiguration section */

/* Begin XCConfigurationList section */
		C1144B081C887EBF00A75271 /* Build configuration list for PBXProject "Ingenico" */ = {
			isa = XCConfigurationList;
			buildConfigurations = (
				C1144B221C887EBF00A75271 /* Debug */,
				C1144B231C887EBF00A75271 /* Release */,
			);
			defaultConfigurationIsVisible = 0;
			defaultConfigurationName = Release;
		};
		C1144B241C887EBF00A75271 /* Build configuration list for PBXNativeTarget "Ingenico" */ = {
			isa = XCConfigurationList;
			buildConfigurations = (
				C1144B251C887EBF00A75271 /* Debug */,
				C1144B261C887EBF00A75271 /* Release */,
			);
			defaultConfigurationIsVisible = 0;
			defaultConfigurationName = Release;
		};
/* End XCConfigurationList section */
	};
	rootObject = C1144B051C887EBF00A75271 /* Project object */;
}
